// !$*UTF8*$!
{
	archiveVersion = 1;
	classes = {
	};
	objectVersion = 46;
	objects = {

/* Begin PBXBuildFile section */
		710D122A1E121BB200251F72 /* main.m in Sources */ = {isa = PBXBuildFile; fileRef = 710D12291E121BB200251F72 /* main.m */; };
		710D122D1E121BB200251F72 /* AppDelegate.m in Sources */ = {isa = PBXBuildFile; fileRef = 710D122C1E121BB200251F72 /* AppDelegate.m */; };
		710D12301E121BB200251F72 /* ViewController.m in Sources */ = {isa = PBXBuildFile; fileRef = 710D122F1E121BB200251F72 /* ViewController.m */; };
		710D12331E121BB200251F72 /* Main.storyboard in Resources */ = {isa = PBXBuildFile; fileRef = 710D12311E121BB200251F72 /* Main.storyboard */; };
		710D12351E121BB200251F72 /* Assets.xcassets in Resources */ = {isa = PBXBuildFile; fileRef = 710D12341E121BB200251F72 /* Assets.xcassets */; };
		710D12381E121BB200251F72 /* LaunchScreen.storyboard in Resources */ = {isa = PBXBuildFile; fileRef = 710D12361E121BB200251F72 /* LaunchScreen.storyboard */; };
		710D12461E12210500251F72 /* ZCJHUD.m in Sources */ = {isa = PBXBuildFile; fileRef = 710D12451E12210500251F72 /* ZCJHUD.m */; };
		710D124A1E1222D500251F72 /* BannerViewController.m in Sources */ = {isa = PBXBuildFile; fileRef = 710D12491E1222D500251F72 /* BannerViewController.m */; };
		710D124D1E1222E900251F72 /* InterstitialViewController.m in Sources */ = {isa = PBXBuildFile; fileRef = 710D124C1E1222E900251F72 /* InterstitialViewController.m */; };
		710D12501E12230F00251F72 /* NaTemplateViewController.m in Sources */ = {isa = PBXBuildFile; fileRef = 710D124F1E12230F00251F72 /* NaTemplateViewController.m */; };
		710D12531E12232700251F72 /* CTNativeOneViewController.m in Sources */ = {isa = PBXBuildFile; fileRef = 710D12521E12232700251F72 /* CTNativeOneViewController.m */; };
		710D12561E12233700251F72 /* CTNativeManyViewController.m in Sources */ = {isa = PBXBuildFile; fileRef = 710D12551E12233700251F72 /* CTNativeManyViewController.m */; };
		710D12591E12234600251F72 /* AppWallViewController.m in Sources */ = {isa = PBXBuildFile; fileRef = 710D12581E12234600251F72 /* AppWallViewController.m */; };
		710D125E1E12391400251F72 /* FBAudienceNetwork.framework in Frameworks */ = {isa = PBXBuildFile; fileRef = 710D125B1E12391400251F72 /* FBAudienceNetwork.framework */; };
		710D125F1E12391400251F72 /* GoogleMobileAds.framework in Frameworks */ = {isa = PBXBuildFile; fileRef = 710D125C1E12391400251F72 /* GoogleMobileAds.framework */; };
		710D12621E12397300251F72 /* Tools.m in Sources */ = {isa = PBXBuildFile; fileRef = 710D12611E12397300251F72 /* Tools.m */; };
		710D12641E123A2A00251F72 /* CTSDK.framework in Frameworks */ = {isa = PBXBuildFile; fileRef = 710D12631E123A2A00251F72 /* CTSDK.framework */; };
		710D12671E123B8400251F72 /* AdSupport.framework in Frameworks */ = {isa = PBXBuildFile; fileRef = 710D12661E123B8400251F72 /* AdSupport.framework */; };
		710D12691E123B8B00251F72 /* libsqlite3.0.tbd in Frameworks */ = {isa = PBXBuildFile; fileRef = 710D12681E123B8B00251F72 /* libsqlite3.0.tbd */; };
		710D126C1E123E9E00251F72 /* CTView.m in Sources */ = {isa = PBXBuildFile; fileRef = 710D126B1E123E9E00251F72 /* CTView.m */; };
		710D126F1E124B7000251F72 /* KeyWordsViewController.m in Sources */ = {isa = PBXBuildFile; fileRef = 710D126E1E124B7000251F72 /* KeyWordsViewController.m */; };
		71AB60F31E8B9A480021B56E /* RewardVideoViewController.m in Sources */ = {isa = PBXBuildFile; fileRef = 71AB60F01E8B9A480021B56E /* RewardVideoViewController.m */; };
		71AB60F41E8B9A480021B56E /* VideoADController.m in Sources */ = {isa = PBXBuildFile; fileRef = 71AB60F21E8B9A480021B56E /* VideoADController.m */; };
/* End PBXBuildFile section */

/* Begin PBXFileReference section */
		710D12251E121BB200251F72 /* iOS-CTSDK-Demo.app */ = {isa = PBXFileReference; explicitFileType = wrapper.application; includeInIndex = 0; path = "iOS-CTSDK-Demo.app"; sourceTree = BUILT_PRODUCTS_DIR; };
		710D12291E121BB200251F72 /* main.m */ = {isa = PBXFileReference; lastKnownFileType = sourcecode.c.objc; path = main.m; sourceTree = "<group>"; };
		710D122B1E121BB200251F72 /* AppDelegate.h */ = {isa = PBXFileReference; lastKnownFileType = sourcecode.c.h; path = AppDelegate.h; sourceTree = "<group>"; };
		710D122C1E121BB200251F72 /* AppDelegate.m */ = {isa = PBXFileReference; lastKnownFileType = sourcecode.c.objc; path = AppDelegate.m; sourceTree = "<group>"; };
		710D122E1E121BB200251F72 /* ViewController.h */ = {isa = PBXFileReference; lastKnownFileType = sourcecode.c.h; path = ViewController.h; sourceTree = "<group>"; };
		710D122F1E121BB200251F72 /* ViewController.m */ = {isa = PBXFileReference; lastKnownFileType = sourcecode.c.objc; path = ViewController.m; sourceTree = "<group>"; };
		710D12321E121BB200251F72 /* Base */ = {isa = PBXFileReference; lastKnownFileType = file.storyboard; name = Base; path = Base.lproj/Main.storyboard; sourceTree = "<group>"; };
		710D12341E121BB200251F72 /* Assets.xcassets */ = {isa = PBXFileReference; lastKnownFileType = folder.assetcatalog; path = Assets.xcassets; sourceTree = "<group>"; };
		710D12371E121BB200251F72 /* Base */ = {isa = PBXFileReference; lastKnownFileType = file.storyboard; name = Base; path = Base.lproj/LaunchScreen.storyboard; sourceTree = "<group>"; };
		710D12391E121BB200251F72 /* Info.plist */ = {isa = PBXFileReference; lastKnownFileType = text.plist.xml; path = Info.plist; sourceTree = "<group>"; };
		710D12441E12210500251F72 /* ZCJHUD.h */ = {isa = PBXFileReference; fileEncoding = 4; lastKnownFileType = sourcecode.c.h; path = ZCJHUD.h; sourceTree = "<group>"; };
		710D12451E12210500251F72 /* ZCJHUD.m */ = {isa = PBXFileReference; fileEncoding = 4; lastKnownFileType = sourcecode.c.objc; path = ZCJHUD.m; sourceTree = "<group>"; };
		710D12481E1222D500251F72 /* BannerViewController.h */ = {isa = PBXFileReference; fileEncoding = 4; lastKnownFileType = sourcecode.c.h; path = BannerViewController.h; sourceTree = "<group>"; };
		710D12491E1222D500251F72 /* BannerViewController.m */ = {isa = PBXFileReference; fileEncoding = 4; lastKnownFileType = sourcecode.c.objc; path = BannerViewController.m; sourceTree = "<group>"; };
		710D124B1E1222E900251F72 /* InterstitialViewController.h */ = {isa = PBXFileReference; fileEncoding = 4; lastKnownFileType = sourcecode.c.h; path = InterstitialViewController.h; sourceTree = "<group>"; };
		710D124C1E1222E900251F72 /* InterstitialViewController.m */ = {isa = PBXFileReference; fileEncoding = 4; lastKnownFileType = sourcecode.c.objc; path = InterstitialViewController.m; sourceTree = "<group>"; };
		710D124E1E12230F00251F72 /* NaTemplateViewController.h */ = {isa = PBXFileReference; fileEncoding = 4; lastKnownFileType = sourcecode.c.h; path = NaTemplateViewController.h; sourceTree = "<group>"; };
		710D124F1E12230F00251F72 /* NaTemplateViewController.m */ = {isa = PBXFileReference; fileEncoding = 4; lastKnownFileType = sourcecode.c.objc; path = NaTemplateViewController.m; sourceTree = "<group>"; };
		710D12511E12232700251F72 /* CTNativeOneViewController.h */ = {isa = PBXFileReference; fileEncoding = 4; lastKnownFileType = sourcecode.c.h; path = CTNativeOneViewController.h; sourceTree = "<group>"; };
		710D12521E12232700251F72 /* CTNativeOneViewController.m */ = {isa = PBXFileReference; fileEncoding = 4; lastKnownFileType = sourcecode.c.objc; path = CTNativeOneViewController.m; sourceTree = "<group>"; };
		710D12541E12233700251F72 /* CTNativeManyViewController.h */ = {isa = PBXFileReference; fileEncoding = 4; lastKnownFileType = sourcecode.c.h; path = CTNativeManyViewController.h; sourceTree = "<group>"; };
		710D12551E12233700251F72 /* CTNativeManyViewController.m */ = {isa = PBXFileReference; fileEncoding = 4; lastKnownFileType = sourcecode.c.objc; path = CTNativeManyViewController.m; sourceTree = "<group>"; };
		710D12571E12234600251F72 /* AppWallViewController.h */ = {isa = PBXFileReference; fileEncoding = 4; lastKnownFileType = sourcecode.c.h; path = AppWallViewController.h; sourceTree = "<group>"; };
		710D12581E12234600251F72 /* AppWallViewController.m */ = {isa = PBXFileReference; fileEncoding = 4; lastKnownFileType = sourcecode.c.objc; path = AppWallViewController.m; sourceTree = "<group>"; };
		710D125B1E12391400251F72 /* FBAudienceNetwork.framework */ = {isa = PBXFileReference; lastKnownFileType = wrapper.framework; path = FBAudienceNetwork.framework; sourceTree = "<group>"; };
		710D125C1E12391400251F72 /* GoogleMobileAds.framework */ = {isa = PBXFileReference; lastKnownFileType = wrapper.framework; path = GoogleMobileAds.framework; sourceTree = "<group>"; };
		710D12601E12397300251F72 /* Tools.h */ = {isa = PBXFileReference; fileEncoding = 4; lastKnownFileType = sourcecode.c.h; path = Tools.h; sourceTree = "<group>"; };
		710D12611E12397300251F72 /* Tools.m */ = {isa = PBXFileReference; fileEncoding = 4; lastKnownFileType = sourcecode.c.objc; path = Tools.m; sourceTree = "<group>"; };
		710D12631E123A2A00251F72 /* CTSDK.framework */ = {isa = PBXFileReference; lastKnownFileType = wrapper.framework; path = CTSDK.framework; sourceTree = "<group>"; };
		710D12661E123B8400251F72 /* AdSupport.framework */ = {isa = PBXFileReference; lastKnownFileType = wrapper.framework; name = AdSupport.framework; path = System/Library/Frameworks/AdSupport.framework; sourceTree = SDKROOT; };
		710D12681E123B8B00251F72 /* libsqlite3.0.tbd */ = {isa = PBXFileReference; lastKnownFileType = "sourcecode.text-based-dylib-definition"; name = libsqlite3.0.tbd; path = usr/lib/libsqlite3.0.tbd; sourceTree = SDKROOT; };
		710D126A1E123E9E00251F72 /* CTView.h */ = {isa = PBXFileReference; fileEncoding = 4; lastKnownFileType = sourcecode.c.h; path = CTView.h; sourceTree = "<group>"; };
		710D126B1E123E9E00251F72 /* CTView.m */ = {isa = PBXFileReference; fileEncoding = 4; lastKnownFileType = sourcecode.c.objc; path = CTView.m; sourceTree = "<group>"; };
		710D126D1E124B7000251F72 /* KeyWordsViewController.h */ = {isa = PBXFileReference; fileEncoding = 4; lastKnownFileType = sourcecode.c.h; path = KeyWordsViewController.h; sourceTree = "<group>"; };
		710D126E1E124B7000251F72 /* KeyWordsViewController.m */ = {isa = PBXFileReference; fileEncoding = 4; lastKnownFileType = sourcecode.c.objc; path = KeyWordsViewController.m; sourceTree = "<group>"; };
		71AB60EF1E8B9A480021B56E /* RewardVideoViewController.h */ = {isa = PBXFileReference; fileEncoding = 4; lastKnownFileType = sourcecode.c.h; path = RewardVideoViewController.h; sourceTree = "<group>"; };
		71AB60F01E8B9A480021B56E /* RewardVideoViewController.m */ = {isa = PBXFileReference; fileEncoding = 4; lastKnownFileType = sourcecode.c.objc; path = RewardVideoViewController.m; sourceTree = "<group>"; };
		71AB60F11E8B9A480021B56E /* VideoADController.h */ = {isa = PBXFileReference; fileEncoding = 4; lastKnownFileType = sourcecode.c.h; path = VideoADController.h; sourceTree = "<group>"; };
		71AB60F21E8B9A480021B56E /* VideoADController.m */ = {isa = PBXFileReference; fileEncoding = 4; lastKnownFileType = sourcecode.c.objc; path = VideoADController.m; sourceTree = "<group>"; };
/* End PBXFileReference section */

/* Begin PBXFrameworksBuildPhase section */
		710D12221E121BB200251F72 /* Frameworks */ = {
			isa = PBXFrameworksBuildPhase;
			buildActionMask = 2147483647;
			files = (
				710D12691E123B8B00251F72 /* libsqlite3.0.tbd in Frameworks */,
				710D12671E123B8400251F72 /* AdSupport.framework in Frameworks */,
				710D125F1E12391400251F72 /* GoogleMobileAds.framework in Frameworks */,
				710D125E1E12391400251F72 /* FBAudienceNetwork.framework in Frameworks */,
				710D12641E123A2A00251F72 /* CTSDK.framework in Frameworks */,
			);
			runOnlyForDeploymentPostprocessing = 0;
		};
/* End PBXFrameworksBuildPhase section */

/* Begin PBXGroup section */
		710D121C1E121BB200251F72 = {
			isa = PBXGroup;
			children = (
				710D12271E121BB200251F72 /* iOS-CTSDK-Demo */,
				710D12261E121BB200251F72 /* Products */,
				710D12651E123B8300251F72 /* Frameworks */,
			);
			sourceTree = "<group>";
		};
		710D12261E121BB200251F72 /* Products */ = {
			isa = PBXGroup;
			children = (
				710D12251E121BB200251F72 /* iOS-CTSDK-Demo.app */,
			);
			name = Products;
			sourceTree = "<group>";
		};
		710D12271E121BB200251F72 /* iOS-CTSDK-Demo */ = {
			isa = PBXGroup;
			children = (
				710D12431E1220F500251F72 /* Tool */,
				710D12471E1222B700251F72 /* ADS */,
				710D122B1E121BB200251F72 /* AppDelegate.h */,
				710D122C1E121BB200251F72 /* AppDelegate.m */,
				710D122E1E121BB200251F72 /* ViewController.h */,
				710D122F1E121BB200251F72 /* ViewController.m */,
				710D12311E121BB200251F72 /* Main.storyboard */,
				710D12341E121BB200251F72 /* Assets.xcassets */,
				710D12361E121BB200251F72 /* LaunchScreen.storyboard */,
				710D12391E121BB200251F72 /* Info.plist */,
				710D12281E121BB200251F72 /* Supporting Files */,
			);
			path = "iOS-CTSDK-Demo";
			sourceTree = "<group>";
		};
		710D12281E121BB200251F72 /* Supporting Files */ = {
			isa = PBXGroup;
			children = (
				710D12631E123A2A00251F72 /* CTSDK.framework */,
				710D125B1E12391400251F72 /* FBAudienceNetwork.framework */,
				710D125C1E12391400251F72 /* GoogleMobileAds.framework */,
				710D12291E121BB200251F72 /* main.m */,
			);
			name = "Supporting Files";
			sourceTree = "<group>";
		};
		710D12431E1220F500251F72 /* Tool */ = {
			isa = PBXGroup;
			children = (
				710D126A1E123E9E00251F72 /* CTView.h */,
				710D126B1E123E9E00251F72 /* CTView.m */,
				710D12441E12210500251F72 /* ZCJHUD.h */,
				710D12451E12210500251F72 /* ZCJHUD.m */,
				710D12601E12397300251F72 /* Tools.h */,
				710D12611E12397300251F72 /* Tools.m */,
			);
			path = Tool;
			sourceTree = "<group>";
		};
		710D12471E1222B700251F72 /* ADS */ = {
			isa = PBXGroup;
			children = (
				71AB60EF1E8B9A480021B56E /* RewardVideoViewController.h */,
				71AB60F01E8B9A480021B56E /* RewardVideoViewController.m */,
				71AB60F11E8B9A480021B56E /* VideoADController.h */,
				71AB60F21E8B9A480021B56E /* VideoADController.m */,
				710D12481E1222D500251F72 /* BannerViewController.h */,
				710D12491E1222D500251F72 /* BannerViewController.m */,
				710D124B1E1222E900251F72 /* InterstitialViewController.h */,
				710D124C1E1222E900251F72 /* InterstitialViewController.m */,
				710D124E1E12230F00251F72 /* NaTemplateViewController.h */,
				710D124F1E12230F00251F72 /* NaTemplateViewController.m */,
				710D12511E12232700251F72 /* CTNativeOneViewController.h */,
				710D12521E12232700251F72 /* CTNativeOneViewController.m */,
				710D12541E12233700251F72 /* CTNativeManyViewController.h */,
				710D12551E12233700251F72 /* CTNativeManyViewController.m */,
				710D12571E12234600251F72 /* AppWallViewController.h */,
				710D12581E12234600251F72 /* AppWallViewController.m */,
				710D126D1E124B7000251F72 /* KeyWordsViewController.h */,
				710D126E1E124B7000251F72 /* KeyWordsViewController.m */,
			);
			path = ADS;
			sourceTree = "<group>";
		};
		710D12651E123B8300251F72 /* Frameworks */ = {
			isa = PBXGroup;
			children = (
				710D12681E123B8B00251F72 /* libsqlite3.0.tbd */,
				710D12661E123B8400251F72 /* AdSupport.framework */,
			);
			name = Frameworks;
			sourceTree = "<group>";
		};
/* End PBXGroup section */

/* Begin PBXNativeTarget section */
		710D12241E121BB200251F72 /* iOS-CTSDK-Demo */ = {
			isa = PBXNativeTarget;
			buildConfigurationList = 710D123C1E121BB200251F72 /* Build configuration list for PBXNativeTarget "iOS-CTSDK-Demo" */;
			buildPhases = (
				710D12211E121BB200251F72 /* Sources */,
				710D12221E121BB200251F72 /* Frameworks */,
				710D12231E121BB200251F72 /* Resources */,
			);
			buildRules = (
			);
			dependencies = (
			);
			name = "iOS-CTSDK-Demo";
			productName = "iOS-CTSDK-Demo";
			productReference = 710D12251E121BB200251F72 /* iOS-CTSDK-Demo.app */;
			productType = "com.apple.product-type.application";
		};
/* End PBXNativeTarget section */

/* Begin PBXProject section */
		710D121D1E121BB200251F72 /* Project object */ = {
			isa = PBXProject;
			attributes = {
				LastUpgradeCheck = 0820;
				ORGANIZATIONNAME = com.algorithms.lxp;
				TargetAttributes = {
					710D12241E121BB200251F72 = {
						CreatedOnToolsVersion = 8.2.1;
						DevelopmentTeam = Y77Y339G4T;
						ProvisioningStyle = Automatic;
					};
				};
			};
			buildConfigurationList = 710D12201E121BB200251F72 /* Build configuration list for PBXProject "iOS-CTSDK-Demo" */;
			compatibilityVersion = "Xcode 3.2";
			developmentRegion = English;
			hasScannedForEncodings = 0;
			knownRegions = (
				en,
				Base,
			);
			mainGroup = 710D121C1E121BB200251F72;
			productRefGroup = 710D12261E121BB200251F72 /* Products */;
			projectDirPath = "";
			projectRoot = "";
			targets = (
				710D12241E121BB200251F72 /* iOS-CTSDK-Demo */,
			);
		};
/* End PBXProject section */

/* Begin PBXResourcesBuildPhase section */
		710D12231E121BB200251F72 /* Resources */ = {
			isa = PBXResourcesBuildPhase;
			buildActionMask = 2147483647;
			files = (
				710D12381E121BB200251F72 /* LaunchScreen.storyboard in Resources */,
				710D12351E121BB200251F72 /* Assets.xcassets in Resources */,
				710D12331E121BB200251F72 /* Main.storyboard in Resources */,
			);
			runOnlyForDeploymentPostprocessing = 0;
		};
/* End PBXResourcesBuildPhase section */

/* Begin PBXSourcesBuildPhase section */
		710D12211E121BB200251F72 /* Sources */ = {
			isa = PBXSourcesBuildPhase;
			buildActionMask = 2147483647;
			files = (
				710D12461E12210500251F72 /* ZCJHUD.m in Sources */,
				710D12301E121BB200251F72 /* ViewController.m in Sources */,
				71AB60F41E8B9A480021B56E /* VideoADController.m in Sources */,
				710D126F1E124B7000251F72 /* KeyWordsViewController.m in Sources */,
				710D124A1E1222D500251F72 /* BannerViewController.m in Sources */,
				710D12621E12397300251F72 /* Tools.m in Sources */,
				710D126C1E123E9E00251F72 /* CTView.m in Sources */,
				710D122D1E121BB200251F72 /* AppDelegate.m in Sources */,
				710D124D1E1222E900251F72 /* InterstitialViewController.m in Sources */,
				710D122A1E121BB200251F72 /* main.m in Sources */,
				710D12591E12234600251F72 /* AppWallViewController.m in Sources */,
				710D12501E12230F00251F72 /* NaTemplateViewController.m in Sources */,
				71AB60F31E8B9A480021B56E /* RewardVideoViewController.m in Sources */,
				710D12531E12232700251F72 /* CTNativeOneViewController.m in Sources */,
				710D12561E12233700251F72 /* CTNativeManyViewController.m in Sources */,
			);
			runOnlyForDeploymentPostprocessing = 0;
		};
/* End PBXSourcesBuildPhase section */

/* Begin PBXVariantGroup section */
		710D12311E121BB200251F72 /* Main.storyboard */ = {
			isa = PBXVariantGroup;
			children = (
				710D12321E121BB200251F72 /* Base */,
			);
			name = Main.storyboard;
			sourceTree = "<group>";
		};
		710D12361E121BB200251F72 /* LaunchScreen.storyboard */ = {
			isa = PBXVariantGroup;
			children = (
				710D12371E121BB200251F72 /* Base */,
			);
			name = LaunchScreen.storyboard;
			sourceTree = "<group>";
		};
/* End PBXVariantGroup section */

/* Begin XCBuildConfiguration section */
		710D123A1E121BB200251F72 /* Debug */ = {
			isa = XCBuildConfiguration;
			buildSettings = {
				ALWAYS_SEARCH_USER_PATHS = NO;
				CLANG_ANALYZER_NONNULL = YES;
				CLANG_CXX_LANGUAGE_STANDARD = "gnu++0x";
				CLANG_CXX_LIBRARY = "libc++";
				CLANG_ENABLE_MODULES = YES;
				CLANG_ENABLE_OBJC_ARC = YES;
				CLANG_WARN_BOOL_CONVERSION = YES;
				CLANG_WARN_CONSTANT_CONVERSION = YES;
				CLANG_WARN_DIRECT_OBJC_ISA_USAGE = YES_ERROR;
				CLANG_WARN_DOCUMENTATION_COMMENTS = YES;
				CLANG_WARN_EMPTY_BODY = YES;
				CLANG_WARN_ENUM_CONVERSION = YES;
				CLANG_WARN_INFINITE_RECURSION = YES;
				CLANG_WARN_INT_CONVERSION = YES;
				CLANG_WARN_OBJC_ROOT_CLASS = YES_ERROR;
				CLANG_WARN_SUSPICIOUS_MOVE = YES;
				CLANG_WARN_UNREACHABLE_CODE = YES;
				CLANG_WARN__DUPLICATE_METHOD_MATCH = YES;
				"CODE_SIGN_IDENTITY[sdk=iphoneos*]" = "iPhone Developer";
				COPY_PHASE_STRIP = NO;
				DEBUG_INFORMATION_FORMAT = dwarf;
				ENABLE_STRICT_OBJC_MSGSEND = YES;
				ENABLE_TESTABILITY = YES;
				GCC_C_LANGUAGE_STANDARD = gnu99;
				GCC_DYNAMIC_NO_PIC = NO;
				GCC_NO_COMMON_BLOCKS = YES;
				GCC_OPTIMIZATION_LEVEL = 0;
				GCC_PREPROCESSOR_DEFINITIONS = (
					"DEBUG=1",
					"$(inherited)",
				);
				GCC_WARN_64_TO_32_BIT_CONVERSION = YES;
				GCC_WARN_ABOUT_RETURN_TYPE = YES_ERROR;
				GCC_WARN_UNDECLARED_SELECTOR = YES;
				GCC_WARN_UNINITIALIZED_AUTOS = YES_AGGRESSIVE;
				GCC_WARN_UNUSED_FUNCTION = YES;
				GCC_WARN_UNUSED_VARIABLE = YES;
				IPHONEOS_DEPLOYMENT_TARGET = 10.2;
				MTL_ENABLE_DEBUG_INFO = YES;
				ONLY_ACTIVE_ARCH = YES;
				SDKROOT = iphoneos;
				TARGETED_DEVICE_FAMILY = "1,2";
			};
			name = Debug;
		};
		710D123B1E121BB200251F72 /* Release */ = {
			isa = XCBuildConfiguration;
			buildSettings = {
				ALWAYS_SEARCH_USER_PATHS = NO;
				CLANG_ANALYZER_NONNULL = YES;
				CLANG_CXX_LANGUAGE_STANDARD = "gnu++0x";
				CLANG_CXX_LIBRARY = "libc++";
				CLANG_ENABLE_MODULES = YES;
				CLANG_ENABLE_OBJC_ARC = YES;
				CLANG_WARN_BOOL_CONVERSION = YES;
				CLANG_WARN_CONSTANT_CONVERSION = YES;
				CLANG_WARN_DIRECT_OBJC_ISA_USAGE = YES_ERROR;
				CLANG_WARN_DOCUMENTATION_COMMENTS = YES;
				CLANG_WARN_EMPTY_BODY = YES;
				CLANG_WARN_ENUM_CONVERSION = YES;
				CLANG_WARN_INFINITE_RECURSION = YES;
				CLANG_WARN_INT_CONVERSION = YES;
				CLANG_WARN_OBJC_ROOT_CLASS = YES_ERROR;
				CLANG_WARN_SUSPICIOUS_MOVE = YES;
				CLANG_WARN_UNREACHABLE_CODE = YES;
				CLANG_WARN__DUPLICATE_METHOD_MATCH = YES;
				"CODE_SIGN_IDENTITY[sdk=iphoneos*]" = "iPhone Developer";
				COPY_PHASE_STRIP = NO;
				DEBUG_INFORMATION_FORMAT = "dwarf-with-dsym";
				ENABLE_NS_ASSERTIONS = NO;
				ENABLE_STRICT_OBJC_MSGSEND = YES;
				GCC_C_LANGUAGE_STANDARD = gnu99;
				GCC_NO_COMMON_BLOCKS = YES;
				GCC_WARN_64_TO_32_BIT_CONVERSION = YES;
				GCC_WARN_ABOUT_RETURN_TYPE = YES_ERROR;
				GCC_WARN_UNDECLARED_SELECTOR = YES;
				GCC_WARN_UNINITIALIZED_AUTOS = YES_AGGRESSIVE;
				GCC_WARN_UNUSED_FUNCTION = YES;
				GCC_WARN_UNUSED_VARIABLE = YES;
				IPHONEOS_DEPLOYMENT_TARGET = 10.2;
				MTL_ENABLE_DEBUG_INFO = NO;
				SDKROOT = iphoneos;
				TARGETED_DEVICE_FAMILY = "1,2";
				VALIDATE_PRODUCT = YES;
			};
			name = Release;
		};
		710D123D1E121BB200251F72 /* Debug */ = {
			isa = XCBuildConfiguration;
			buildSettings = {
				ASSETCATALOG_COMPILER_APPICON_NAME = AppIcon;
				DEVELOPMENT_TEAM = Y77Y339G4T;
				FRAMEWORK_SEARCH_PATHS = (
					"$(inherited)",
					"$(PROJECT_DIR)/iOS-CTSDK-Demo",
				);
				INFOPLIST_FILE = "iOS-CTSDK-Demo/Info.plist";
				IPHONEOS_DEPLOYMENT_TARGET = 7.0;
				LD_RUNPATH_SEARCH_PATHS = "$(inherited) @executable_path/Frameworks";
				OTHER_LDFLAGS = (
					"$(OTHER_LDFLAGS)",
					"-ObjC",
				);
				PRODUCT_BUNDLE_IDENTIFIER = "com.algorithms.iOS-CTSDK-Demo";
				PRODUCT_NAME = "$(TARGET_NAME)";
			};
			name = Debug;
		};
		710D123E1E121BB200251F72 /* Release */ = {
			isa = XCBuildConfiguration;
			buildSettings = {
				ASSETCATALOG_COMPILER_APPICON_NAME = AppIcon;
				DEVELOPMENT_TEAM = Y77Y339G4T;
				FRAMEWORK_SEARCH_PATHS = (
					"$(inherited)",
					"$(PROJECT_DIR)/iOS-CTSDK-Demo",
				);
				INFOPLIST_FILE = "iOS-CTSDK-Demo/Info.plist";
				IPHONEOS_DEPLOYMENT_TARGET = 7.0;
				LD_RUNPATH_SEARCH_PATHS = "$(inherited) @executable_path/Frameworks";
				OTHER_LDFLAGS = (
					"$(OTHER_LDFLAGS)",
					"-ObjC",
				);
				PRODUCT_BUNDLE_IDENTIFIER = "com.algorithms.iOS-CTSDK-Demo";
				PRODUCT_NAME = "$(TARGET_NAME)";
			};
			name = Release;
		};
/* End XCBuildConfiguration section */

/* Begin XCConfigurationList section */
		710D12201E121BB200251F72 /* Build configuration list for PBXProject "iOS-CTSDK-Demo" */ = {
			isa = XCConfigurationList;
			buildConfigurations = (
				710D123A1E121BB200251F72 /* Debug */,
				710D123B1E121BB200251F72 /* Release */,
			);
			defaultConfigurationIsVisible = 0;
			defaultConfigurationName = Release;
		};
		710D123C1E121BB200251F72 /* Build configuration list for PBXNativeTarget "iOS-CTSDK-Demo" */ = {
			isa = XCConfigurationList;
			buildConfigurations = (
				710D123D1E121BB200251F72 /* Debug */,
				710D123E1E121BB200251F72 /* Release */,
			);
			defaultConfigurationIsVisible = 0;
			defaultConfigurationName = Release;
		};
/* End XCConfigurationList section */
	};
	rootObject = 710D121D1E121BB200251F72 /* Project object */;
}
